{
  "originHash" : "8f2fdafffaf51245c1236c33a0e301705ccdb647b67804370a2cfe4100235d89",
  "pins" : [
    {
      "identity" : "coregpx",
      "kind" : "remoteSourceControl",
      "location" : "https://github.com/vincentneo/CoreGPX",
      "state" : {
        "revision" : "90dea5dea799e2b3684f5c72f07141d8516ce80b",
        "version" : "0.9.2"
      }
    }
  ],
  "version" : 3
}
